# This file is automatically @generated by Cargo.
# It is not intended for manual editing.
version = 3

[[package]]
name = "static-array"
version = "0.3.0"
source = "registry+https://github.com/rust-lang/crates.io-index"
checksum = "3ca19b5bc01ed39c59f4d5e683fc8814c03171a42c96e491c41d08231b272897"

[[package]]
name = "surface-grid"
version = "0.0.0"
dependencies = [
 "static-array",
]
